
Microsoft Visual Studio Solution File, Format Version 12.00
# Visual Studio Version 17
VisualStudioVersion = 17.4.33213.308
MinimumVisualStudioVersion = 10.0.40219.1
Project("{FAE04EC0-301F-11D3-BF4B-00C04F79EFBC}") = "Ejercicio2.Android", "Ejercicio2.Android\Ejercicio2.Android.csproj", "{68D28CBE-1C73-4246-A450-E8B91B692513}"
EndProject
Project("{FAE04EC0-301F-11D3-BF4B-00C04F79EFBC}") = "Ejercicio2", "Ejercicio2\Ejercicio2.csproj", "{EC09AA68-C76F-4FD2-BB8A-1BD946163865}"
EndProject
Global
	GlobalSection(SolutionConfigurationPlatforms) = preSolution
		Debug|Any CPU = Debug|Any CPU
		Release|Any CPU = Release|Any CPU
	EndGlobalSection
	GlobalSection(ProjectConfigurationPlatforms) = postSolution
		{68D28CBE-1C73-4246-A450-E8B91B692513}.Debug|Any CPU.ActiveCfg = Debug|Any CPU
		{68D28CBE-1C73-4246-A450-E8B91B692513}.Debug|Any CPU.Build.0 = Debug|Any CPU
		{68D28CBE-1C73-4246-A450-E8B91B692513}.Debug|Any CPU.Deploy.0 = Debug|Any CPU
		{68D28CBE-1C73-4246-A450-E8B91B692513}.Release|Any CPU.ActiveCfg = Release|Any CPU
		{68D28CBE-1C73-4246-A450-E8B91B692513}.Release|Any CPU.Build.0 = Release|Any CPU
		{68D28CBE-1C73-4246-A450-E8B91B692513}.Release|Any CPU.Deploy.0 = Release|Any CPU
		{EC09AA68-C76F-4FD2-BB8A-1BD946163865}.Debug|Any CPU.ActiveCfg = Debug|Any CPU
		{EC09AA68-C76F-4FD2-BB8A-1BD946163865}.Debug|Any CPU.Build.0 = Debug|Any CPU
		{EC09AA68-C76F-4FD2-BB8A-1BD946163865}.Debug|Any CPU.Deploy.0 = Debug|Any CPU
		{EC09AA68-C76F-4FD2-BB8A-1BD946163865}.Release|Any CPU.ActiveCfg = Release|Any CPU
		{EC09AA68-C76F-4FD2-BB8A-1BD946163865}.Release|Any CPU.Build.0 = Release|Any CPU
		{EC09AA68-C76F-4FD2-BB8A-1BD946163865}.Release|Any CPU.Deploy.0 = Release|Any CPU
	EndGlobalSection
	GlobalSection(SolutionProperties) = preSolution
		HideSolutionNode = FALSE
	EndGlobalSection
	GlobalSection(ExtensibilityGlobals) = postSolution
		SolutionGuid = {101F33ED-7F22-49BE-8F23-A56CFE3B90AF}
	EndGlobalSection
EndGlobal
